
Microsoft Visual Studio Solution File, Format Version 12.00
# Visual Studio Version 17
VisualStudioVersion = 17.2.32519.379
MinimumVisualStudioVersion = 10.0.40219.1
Project("{8BC9CEB8-8B4A-11D0-8D11-00A0C91BC942}") = "dictionary_linkedlist", "dictionary_linkedlist\dictionary_linkedlist.vcxproj", "{08805EEA-DAD7-45E8-835B-DD3FB50B420C}"
EndProject
Global
	GlobalSection(SolutionConfigurationPlatforms) = preSolution
		Debug|x64 = Debug|x64
		Debug|x86 = Debug|x86
		Release|x64 = Release|x64
		Release|x86 = Release|x86
	EndGlobalSection
	GlobalSection(ProjectConfigurationPlatforms) = postSolution
		{08805EEA-DAD7-45E8-835B-DD3FB50B420C}.Debug|x64.ActiveCfg = Debug|x64
		{08805EEA-DAD7-45E8-835B-DD3FB50B420C}.Debug|x64.Build.0 = Debug|x64
		{08805EEA-DAD7-45E8-835B-DD3FB50B420C}.Debug|x86.ActiveCfg = Debug|Win32
		{08805EEA-DAD7-45E8-835B-DD3FB50B420C}.Debug|x86.Build.0 = Debug|Win32
		{08805EEA-DAD7-45E8-835B-DD3FB50B420C}.Release|x64.ActiveCfg = Release|x64
		{08805EEA-DAD7-45E8-835B-DD3FB50B420C}.Release|x64.Build.0 = Release|x64
		{08805EEA-DAD7-45E8-835B-DD3FB50B420C}.Release|x86.ActiveCfg = Release|Win32
		{08805EEA-DAD7-45E8-835B-DD3FB50B420C}.Release|x86.Build.0 = Release|Win32
	EndGlobalSection
	GlobalSection(SolutionProperties) = preSolution
		HideSolutionNode = FALSE
	EndGlobalSection
	GlobalSection(ExtensibilityGlobals) = postSolution
		SolutionGuid = {F1BA2505-A032-45D1-A550-3B5B57A6CBEA}
	EndGlobalSection
EndGlobal
